
Microsoft Visual Studio Solution File, Format Version 12.00
# Visual Studio Version 17
VisualStudioVersion = 17.9.34728.123
MinimumVisualStudioVersion = 10.0.40219.1
Project("{9A19103F-16F7-4668-BE54-9A1E7A4F7556}") = "Observability.ConsoleApp", "Observability\Observability.ConsoleApp.csproj", "{326E05F8-024D-4EE3-BB34-DCC2935659CD}"
EndProject
Project("{E53339B2-1760-4266-BCC7-CA923CBCF16C}") = "docker-compose", "docker-compose.dcproj", "{0CE3662E-9117-4727-9AC7-A7FE35A10DCD}"
EndProject
Project("{9A19103F-16F7-4668-BE54-9A1E7A4F7556}") = "Order.API", "Order.API\Order.API.csproj", "{73627DB1-F279-47A4-965A-55AD9C908369}"
EndProject
Project("{9A19103F-16F7-4668-BE54-9A1E7A4F7556}") = "Observability.Shared", "Observability.Shared\Observability.Shared.csproj", "{E8D86F58-7E1C-415B-AC27-D8E523A6A065}"
EndProject
Project("{9A19103F-16F7-4668-BE54-9A1E7A4F7556}") = "Common.Shared", "Common.Shared\Common.Shared.csproj", "{927BF030-C996-47FE-97A5-08B0A0C9953E}"
EndProject
Project("{9A19103F-16F7-4668-BE54-9A1E7A4F7556}") = "Stock.API", "Stock.API\Stock.API.csproj", "{E25A1B7D-402C-4155-AE50-B7068532754A}"
EndProject
Project("{FAE04EC0-301F-11D3-BF4B-00C04F79EFBC}") = "Payment.API", "Payment.API\Payment.API.csproj", "{24B8BC60-07E9-42D0-B0FD-87355A8CA105}"
EndProject
Global
	GlobalSection(SolutionConfigurationPlatforms) = preSolution
		Debug|Any CPU = Debug|Any CPU
		Release|Any CPU = Release|Any CPU
	EndGlobalSection
	GlobalSection(ProjectConfigurationPlatforms) = postSolution
		{326E05F8-024D-4EE3-BB34-DCC2935659CD}.Debug|Any CPU.ActiveCfg = Debug|Any CPU
		{326E05F8-024D-4EE3-BB34-DCC2935659CD}.Debug|Any CPU.Build.0 = Debug|Any CPU
		{326E05F8-024D-4EE3-BB34-DCC2935659CD}.Release|Any CPU.ActiveCfg = Release|Any CPU
		{326E05F8-024D-4EE3-BB34-DCC2935659CD}.Release|Any CPU.Build.0 = Release|Any CPU
		{0CE3662E-9117-4727-9AC7-A7FE35A10DCD}.Debug|Any CPU.ActiveCfg = Debug|Any CPU
		{0CE3662E-9117-4727-9AC7-A7FE35A10DCD}.Debug|Any CPU.Build.0 = Debug|Any CPU
		{0CE3662E-9117-4727-9AC7-A7FE35A10DCD}.Release|Any CPU.ActiveCfg = Release|Any CPU
		{0CE3662E-9117-4727-9AC7-A7FE35A10DCD}.Release|Any CPU.Build.0 = Release|Any CPU
		{73627DB1-F279-47A4-965A-55AD9C908369}.Debug|Any CPU.ActiveCfg = Debug|Any CPU
		{73627DB1-F279-47A4-965A-55AD9C908369}.Debug|Any CPU.Build.0 = Debug|Any CPU
		{73627DB1-F279-47A4-965A-55AD9C908369}.Release|Any CPU.ActiveCfg = Release|Any CPU
		{73627DB1-F279-47A4-965A-55AD9C908369}.Release|Any CPU.Build.0 = Release|Any CPU
		{E8D86F58-7E1C-415B-AC27-D8E523A6A065}.Debug|Any CPU.ActiveCfg = Debug|Any CPU
		{E8D86F58-7E1C-415B-AC27-D8E523A6A065}.Debug|Any CPU.Build.0 = Debug|Any CPU
		{E8D86F58-7E1C-415B-AC27-D8E523A6A065}.Release|Any CPU.ActiveCfg = Release|Any CPU
		{E8D86F58-7E1C-415B-AC27-D8E523A6A065}.Release|Any CPU.Build.0 = Release|Any CPU
		{927BF030-C996-47FE-97A5-08B0A0C9953E}.Debug|Any CPU.ActiveCfg = Debug|Any CPU
		{927BF030-C996-47FE-97A5-08B0A0C9953E}.Debug|Any CPU.Build.0 = Debug|Any CPU
		{927BF030-C996-47FE-97A5-08B0A0C9953E}.Release|Any CPU.ActiveCfg = Release|Any CPU
		{927BF030-C996-47FE-97A5-08B0A0C9953E}.Release|Any CPU.Build.0 = Release|Any CPU
		{E25A1B7D-402C-4155-AE50-B7068532754A}.Debug|Any CPU.ActiveCfg = Debug|Any CPU
		{E25A1B7D-402C-4155-AE50-B7068532754A}.Debug|Any CPU.Build.0 = Debug|Any CPU
		{E25A1B7D-402C-4155-AE50-B7068532754A}.Release|Any CPU.ActiveCfg = Release|Any CPU
		{E25A1B7D-402C-4155-AE50-B7068532754A}.Release|Any CPU.Build.0 = Release|Any CPU
		{24B8BC60-07E9-42D0-B0FD-87355A8CA105}.Debug|Any CPU.ActiveCfg = Debug|Any CPU
		{24B8BC60-07E9-42D0-B0FD-87355A8CA105}.Debug|Any CPU.Build.0 = Debug|Any CPU
		{24B8BC60-07E9-42D0-B0FD-87355A8CA105}.Release|Any CPU.ActiveCfg = Release|Any CPU
		{24B8BC60-07E9-42D0-B0FD-87355A8CA105}.Release|Any CPU.Build.0 = Release|Any CPU
	EndGlobalSection
	GlobalSection(SolutionProperties) = preSolution
		HideSolutionNode = FALSE
	EndGlobalSection
	GlobalSection(ExtensibilityGlobals) = postSolution
		SolutionGuid = {048E37CE-E628-4E42-85FA-9F48D0E7E269}
	EndGlobalSection
EndGlobal
